
Microsoft Visual Studio Solution File, Format Version 12.00
# Visual Studio Version 16
VisualStudioVersion = 16.0.29519.181
MinimumVisualStudioVersion = 10.0.40219.1
Project("{9A19103F-16F7-4668-BE54-9A1E7A4F7556}") = "FibWithMemo", "CrackingInterview\FibWithMemo.csproj", "{38FBC0D1-BEB8-43C7-A784-49B0D79D0793}"
EndProject
Project("{9A19103F-16F7-4668-BE54-9A1E7A4F7556}") = "KDifferencePair", "KDifferencePair\KDifferencePair.csproj", "{C4CE4262-86F1-4405-8D60-D7642FC70352}"
EndProject
Project("{9A19103F-16F7-4668-BE54-9A1E7A4F7556}") = "A^3+B^3=C^3+D^3", "A^3+B^3=C^3+D^3\A^3+B^3=C^3+D^3.csproj", "{86417021-4D75-46FD-874F-74C91365A6C4}"
EndProject
Project("{9A19103F-16F7-4668-BE54-9A1E7A4F7556}") = "StringPermutation", "StringPermutation\StringPermutation.csproj", "{CA7F3B76-A86B-4FE6-B394-A8DA26F58CFF}"
EndProject
Project("{FAE04EC0-301F-11D3-BF4B-00C04F79EFBC}") = "Chapter1", "Chapter1\Chapter1.csproj", "{74AA0D83-EE9D-43A4-BE90-D3DCDE3892A5}"
EndProject
Global
	GlobalSection(SolutionConfigurationPlatforms) = preSolution
		Debug|Any CPU = Debug|Any CPU
		Release|Any CPU = Release|Any CPU
	EndGlobalSection
	GlobalSection(ProjectConfigurationPlatforms) = postSolution
		{38FBC0D1-BEB8-43C7-A784-49B0D79D0793}.Debug|Any CPU.ActiveCfg = Debug|Any CPU
		{38FBC0D1-BEB8-43C7-A784-49B0D79D0793}.Debug|Any CPU.Build.0 = Debug|Any CPU
		{38FBC0D1-BEB8-43C7-A784-49B0D79D0793}.Release|Any CPU.ActiveCfg = Release|Any CPU
		{38FBC0D1-BEB8-43C7-A784-49B0D79D0793}.Release|Any CPU.Build.0 = Release|Any CPU
		{C4CE4262-86F1-4405-8D60-D7642FC70352}.Debug|Any CPU.ActiveCfg = Debug|Any CPU
		{C4CE4262-86F1-4405-8D60-D7642FC70352}.Debug|Any CPU.Build.0 = Debug|Any CPU
		{C4CE4262-86F1-4405-8D60-D7642FC70352}.Release|Any CPU.ActiveCfg = Release|Any CPU
		{C4CE4262-86F1-4405-8D60-D7642FC70352}.Release|Any CPU.Build.0 = Release|Any CPU
		{86417021-4D75-46FD-874F-74C91365A6C4}.Debug|Any CPU.ActiveCfg = Debug|Any CPU
		{86417021-4D75-46FD-874F-74C91365A6C4}.Debug|Any CPU.Build.0 = Debug|Any CPU
		{86417021-4D75-46FD-874F-74C91365A6C4}.Release|Any CPU.ActiveCfg = Release|Any CPU
		{86417021-4D75-46FD-874F-74C91365A6C4}.Release|Any CPU.Build.0 = Release|Any CPU
		{CA7F3B76-A86B-4FE6-B394-A8DA26F58CFF}.Debug|Any CPU.ActiveCfg = Debug|Any CPU
		{CA7F3B76-A86B-4FE6-B394-A8DA26F58CFF}.Debug|Any CPU.Build.0 = Debug|Any CPU
		{CA7F3B76-A86B-4FE6-B394-A8DA26F58CFF}.Release|Any CPU.ActiveCfg = Release|Any CPU
		{CA7F3B76-A86B-4FE6-B394-A8DA26F58CFF}.Release|Any CPU.Build.0 = Release|Any CPU
		{74AA0D83-EE9D-43A4-BE90-D3DCDE3892A5}.Debug|Any CPU.ActiveCfg = Debug|Any CPU
		{74AA0D83-EE9D-43A4-BE90-D3DCDE3892A5}.Debug|Any CPU.Build.0 = Debug|Any CPU
		{74AA0D83-EE9D-43A4-BE90-D3DCDE3892A5}.Release|Any CPU.ActiveCfg = Release|Any CPU
		{74AA0D83-EE9D-43A4-BE90-D3DCDE3892A5}.Release|Any CPU.Build.0 = Release|Any CPU
	EndGlobalSection
	GlobalSection(SolutionProperties) = preSolution
		HideSolutionNode = FALSE
	EndGlobalSection
	GlobalSection(ExtensibilityGlobals) = postSolution
		SolutionGuid = {4EA9632C-056B-4261-8ECA-7D348A1270AE}
	EndGlobalSection
EndGlobal
