
Microsoft Visual Studio Solution File, Format Version 12.00
# Visual Studio Version 16
VisualStudioVersion = 16.0.29519.181
MinimumVisualStudioVersion = 10.0.40219.1
Project("{FAE04EC0-301F-11D3-BF4B-00C04F79EFBC}") = "FibWithMemo", "CrackingInterview\FibWithMemo.csproj", "{38FBC0D1-BEB8-43C7-A784-49B0D79D0793}"
EndProject
Global
	GlobalSection(SolutionConfigurationPlatforms) = preSolution
		Debug|Any CPU = Debug|Any CPU
		Release|Any CPU = Release|Any CPU
	EndGlobalSection
	GlobalSection(ProjectConfigurationPlatforms) = postSolution
		{38FBC0D1-BEB8-43C7-A784-49B0D79D0793}.Debug|Any CPU.ActiveCfg = Debug|Any CPU
		{38FBC0D1-BEB8-43C7-A784-49B0D79D0793}.Debug|Any CPU.Build.0 = Debug|Any CPU
		{38FBC0D1-BEB8-43C7-A784-49B0D79D0793}.Release|Any CPU.ActiveCfg = Release|Any CPU
		{38FBC0D1-BEB8-43C7-A784-49B0D79D0793}.Release|Any CPU.Build.0 = Release|Any CPU
	EndGlobalSection
	GlobalSection(SolutionProperties) = preSolution
		HideSolutionNode = FALSE
	EndGlobalSection
	GlobalSection(ExtensibilityGlobals) = postSolution
		SolutionGuid = {4EA9632C-056B-4261-8ECA-7D348A1270AE}
	EndGlobalSection
EndGlobal
